{
  "nodes": {
    "flake-compat": {
      "flake": false,
      "locked": {
        "lastModified": 1767039857,
        "narHash": "sha256-vNpUSpF5Nuw8xvDLj2KCwwksIbjua2LZCqhV1LNRDns=",
        "owner": "edolstra",
        "repo": "flake-compat",
        "rev": "5edf11c44bc78a0d334f6334cdaf7d60d732daab",
        "type": "github"
      },
      "original": {
        "owner": "edolstra",
        "repo": "flake-compat",
        "type": "github"
      }
    },
    "nix-darwin": {
      "inputs": {
        "nixpkgs": [
          "nixpkgs"
        ]
      },
      "locked": {
        "lastModified": 1767634391,
        "narHash": "sha256-owcSz2ICqTSvhBbhPP+1eWzi88e54rRZtfCNE5E/wwg=",
        "owner": "nix-darwin",
        "repo": "nix-darwin",
        "rev": "08585aacc3d6d6c280a02da195fdbd4b9cf083c2",
        "type": "github"
      },
      "original": {
        "owner": "nix-darwin",
        "ref": "nix-darwin-25.11",
        "repo": "nix-darwin",
        "type": "github"
      }
    },
    "nixos-hardware": {
      "locked": {
        "lastModified": 1769086393,
        "narHash": "sha256-3ymIZ8s3+hu7sDl/Y48o6bwMxorfKrmn97KuWiw1vjY=",
        "owner": "NixOS",
        "repo": "nixos-hardware",
        "rev": "9f7ba891ea5fc3ededd7804f1a23fafadbcb26ca",
        "type": "github"
      },
      "original": {
        "owner": "NixOS",
        "ref": "master",
        "repo": "nixos-hardware",
        "type": "github"
      }
    },
    "nixos-needsreboot": {
      "inputs": {
        "nixpkgs": [
          "nixpkgs"
        ]
      },
      "locked": {
        "lastModified": 1768585899,
        "narHash": "sha256-KXw8ORlaxqEKuxOekp/9q2IIms3kZsDhvLTUT2sPtxM=",
        "rev": "eafda229c3a88d2b13a07db359f7b47655e93497",
        "type": "tarball",
        "url": "https://codeberg.org/api/v1/repos/Mynacol/nixos-needsreboot/archive/eafda229c3a88d2b13a07db359f7b47655e93497.tar.gz"
      },
      "original": {
        "type": "tarball",
        "url": "https://codeberg.org/Mynacol/nixos-needsreboot/archive/main.tar.gz"
      }
    },
    "nixos-wsl": {
      "inputs": {
        "flake-compat": "flake-compat",
        "nixpkgs": [
          "nixpkgs"
        ]
      },
      "locked": {
        "lastModified": 1768840529,
        "narHash": "sha256-e22ou8nikeThx9x9/y29VdMEW4Fm7DBzlhp9ndDJUGE=",
        "owner": "nix-community",
        "repo": "NixOS-WSL",
        "rev": "b8e9a758fa2e08d8ac5c3be5d4b1fcc92fd3ce84",
        "type": "github"
      },
      "original": {
        "owner": "nix-community",
        "ref": "main",
        "repo": "NixOS-WSL",
        "type": "github"
      }
    },
    "nixpkgs": {
      "locked": {
        "lastModified": 1768940263,
        "narHash": "sha256-sJERJIYTKPFXkoz/gBaBtRKke82h4DkX3BBSsKbfbvI=",
        "owner": "NixOS",
        "repo": "nixpkgs",
        "rev": "3ceaaa8bc963ced4d830e06ea2d0863b6490ff03",
        "type": "github"
      },
      "original": {
        "id": "nixpkgs",
        "ref": "nixos-25.11",
        "type": "indirect"
      }
    },
    "nixpkgs-unstable": {
      "locked": {
        "lastModified": 1768875095,
        "narHash": "sha256-dYP3DjiL7oIiiq3H65tGIXXIT1Waiadmv93JS0sS+8A=",
        "owner": "NixOS",
        "repo": "nixpkgs",
        "rev": "ed142ab1b3a092c4d149245d0c4126a5d7ea00b0",
        "type": "github"
      },
      "original": {
        "owner": "NixOS",
        "ref": "nixpkgs-unstable",
        "repo": "nixpkgs",
        "type": "github"
      }
    },
    "root": {
      "inputs": {
        "nix-darwin": "nix-darwin",
        "nixos-hardware": "nixos-hardware",
        "nixos-needsreboot": "nixos-needsreboot",
        "nixos-wsl": "nixos-wsl",
        "nixpkgs": "nixpkgs",
        "nixpkgs-unstable": "nixpkgs-unstable",
        "smount": "smount"
      }
    },
    "smount": {
      "inputs": {
        "nixpkgs": [
          "nixpkgs"
        ]
      },
      "locked": {
        "lastModified": 1764975175,
        "narHash": "sha256-ZpZhGLv7cQQWRY/XhDcCbDgHCU9MN+Bc9XZi3etfH+I=",
        "owner": "lqp1",
        "repo": "smount",
        "rev": "2cd24edc0e10533082a511bdfd52cde0c9600437",
        "type": "github"
      },
      "original": {
        "owner": "lqp1",
        "ref": "main",
        "repo": "smount",
        "type": "github"
      }
    }
  },
  "root": "root",
  "version": 7
}
